
Microsoft Visual Studio Solution File, Format Version 12.00
# Visual Studio 15
VisualStudioVersion = 15.0.28307.168
MinimumVisualStudioVersion = 10.0.40219.1
Project("{FAE04EC0-301F-11D3-BF4B-00C04F79EFBC}") = "MeetupAPI", "MeetupAPI\MeetupAPI.csproj", "{303F95B4-2633-41EE-8B8F-6240B3A3A866}"
EndProject
Project("{FAE04EC0-301F-11D3-BF4B-00C04F79EFBC}") = "FillUpDatabaseWithNewMeetups", "FillUpDatabaseWithNewMeetups\FillUpDatabaseWithNewMeetups.csproj", "{DE8225C7-08B3-4E41-9E53-BBDCEA06CE4F}"
EndProject
Project("{FAE04EC0-301F-11D3-BF4B-00C04F79EFBC}") = "MinimalApi", "MeetupAPI.MinimalApi\MinimalApi.csproj", "{4948888D-8F1A-458F-818B-E41B112A5CF4}"
EndProject
Global
	GlobalSection(SolutionConfigurationPlatforms) = preSolution
		Debug|Any CPU = Debug|Any CPU
		Release|Any CPU = Release|Any CPU
	EndGlobalSection
	GlobalSection(ProjectConfigurationPlatforms) = postSolution
		{303F95B4-2633-41EE-8B8F-6240B3A3A866}.Debug|Any CPU.ActiveCfg = Debug|Any CPU
		{303F95B4-2633-41EE-8B8F-6240B3A3A866}.Debug|Any CPU.Build.0 = Debug|Any CPU
		{303F95B4-2633-41EE-8B8F-6240B3A3A866}.Release|Any CPU.ActiveCfg = Release|Any CPU
		{303F95B4-2633-41EE-8B8F-6240B3A3A866}.Release|Any CPU.Build.0 = Release|Any CPU
		{DE8225C7-08B3-4E41-9E53-BBDCEA06CE4F}.Debug|Any CPU.ActiveCfg = Debug|Any CPU
		{DE8225C7-08B3-4E41-9E53-BBDCEA06CE4F}.Debug|Any CPU.Build.0 = Debug|Any CPU
		{DE8225C7-08B3-4E41-9E53-BBDCEA06CE4F}.Release|Any CPU.ActiveCfg = Release|Any CPU
		{DE8225C7-08B3-4E41-9E53-BBDCEA06CE4F}.Release|Any CPU.Build.0 = Release|Any CPU
		{4948888D-8F1A-458F-818B-E41B112A5CF4}.Debug|Any CPU.ActiveCfg = Debug|Any CPU
		{4948888D-8F1A-458F-818B-E41B112A5CF4}.Debug|Any CPU.Build.0 = Debug|Any CPU
		{4948888D-8F1A-458F-818B-E41B112A5CF4}.Release|Any CPU.ActiveCfg = Release|Any CPU
		{4948888D-8F1A-458F-818B-E41B112A5CF4}.Release|Any CPU.Build.0 = Release|Any CPU
	EndGlobalSection
	GlobalSection(SolutionProperties) = preSolution
		HideSolutionNode = FALSE
	EndGlobalSection
	GlobalSection(ExtensibilityGlobals) = postSolution
		SolutionGuid = {5E95B771-D6FB-49A7-9C7F-10129452D1D0}
	EndGlobalSection
EndGlobal
