
Microsoft Visual Studio Solution File, Format Version 12.00
# Visual Studio Version 17
VisualStudioVersion = 17.1.32414.318
MinimumVisualStudioVersion = 10.0.40219.1
Project("{9A19103F-16F7-4668-BE54-9A1E7A4F7556}") = "MeetupAPI", "MeetupAPI\MeetupAPI.csproj", "{303F95B4-2633-41EE-8B8F-6240B3A3A866}"
EndProject
Project("{9A19103F-16F7-4668-BE54-9A1E7A4F7556}") = "FillUpDatabaseWithNewMeetups", "FillUpDatabaseWithNewMeetups\FillUpDatabaseWithNewMeetups.csproj", "{DE8225C7-08B3-4E41-9E53-BBDCEA06CE4F}"
EndProject
Project("{9A19103F-16F7-4668-BE54-9A1E7A4F7556}") = "Meetup.UnitTests", "Meetup.UnitTests\Meetup.UnitTests.csproj", "{C38EE72A-9EB6-4212-BE2B-B7D3DC857F6D}"
EndProject
Project("{9A19103F-16F7-4668-BE54-9A1E7A4F7556}") = "Meetup.IntegrationTests", "Meetup.IntegrationTests\Meetup.IntegrationTests.csproj", "{D052807A-4BC1-4DF4-865F-60944D3FBB97}"
EndProject
Project("{FAE04EC0-301F-11D3-BF4B-00C04F79EFBC}") = "Meetup.Contracts", "Meetup.Contracts\Meetup.Contracts.csproj", "{2BB72AF6-6BB0-46A7-89BF-DCCB93B7D90D}"
EndProject
Global
	GlobalSection(SolutionConfigurationPlatforms) = preSolution
		Debug|Any CPU = Debug|Any CPU
		Release|Any CPU = Release|Any CPU
	EndGlobalSection
	GlobalSection(ProjectConfigurationPlatforms) = postSolution
		{303F95B4-2633-41EE-8B8F-6240B3A3A866}.Debug|Any CPU.ActiveCfg = Debug|Any CPU
		{303F95B4-2633-41EE-8B8F-6240B3A3A866}.Debug|Any CPU.Build.0 = Debug|Any CPU
		{303F95B4-2633-41EE-8B8F-6240B3A3A866}.Release|Any CPU.ActiveCfg = Release|Any CPU
		{303F95B4-2633-41EE-8B8F-6240B3A3A866}.Release|Any CPU.Build.0 = Release|Any CPU
		{DE8225C7-08B3-4E41-9E53-BBDCEA06CE4F}.Debug|Any CPU.ActiveCfg = Debug|Any CPU
		{DE8225C7-08B3-4E41-9E53-BBDCEA06CE4F}.Debug|Any CPU.Build.0 = Debug|Any CPU
		{DE8225C7-08B3-4E41-9E53-BBDCEA06CE4F}.Release|Any CPU.ActiveCfg = Release|Any CPU
		{DE8225C7-08B3-4E41-9E53-BBDCEA06CE4F}.Release|Any CPU.Build.0 = Release|Any CPU
		{C38EE72A-9EB6-4212-BE2B-B7D3DC857F6D}.Debug|Any CPU.ActiveCfg = Debug|Any CPU
		{C38EE72A-9EB6-4212-BE2B-B7D3DC857F6D}.Debug|Any CPU.Build.0 = Debug|Any CPU
		{C38EE72A-9EB6-4212-BE2B-B7D3DC857F6D}.Release|Any CPU.ActiveCfg = Release|Any CPU
		{C38EE72A-9EB6-4212-BE2B-B7D3DC857F6D}.Release|Any CPU.Build.0 = Release|Any CPU
		{D052807A-4BC1-4DF4-865F-60944D3FBB97}.Debug|Any CPU.ActiveCfg = Debug|Any CPU
		{D052807A-4BC1-4DF4-865F-60944D3FBB97}.Debug|Any CPU.Build.0 = Debug|Any CPU
		{D052807A-4BC1-4DF4-865F-60944D3FBB97}.Release|Any CPU.ActiveCfg = Release|Any CPU
		{D052807A-4BC1-4DF4-865F-60944D3FBB97}.Release|Any CPU.Build.0 = Release|Any CPU
		{14CFD718-FDEF-4E6D-BFD0-9B1903930ED5}.Debug|Any CPU.ActiveCfg = Debug|Any CPU
		{14CFD718-FDEF-4E6D-BFD0-9B1903930ED5}.Debug|Any CPU.Build.0 = Debug|Any CPU
		{14CFD718-FDEF-4E6D-BFD0-9B1903930ED5}.Release|Any CPU.ActiveCfg = Release|Any CPU
		{14CFD718-FDEF-4E6D-BFD0-9B1903930ED5}.Release|Any CPU.Build.0 = Release|Any CPU
		{2BB72AF6-6BB0-46A7-89BF-DCCB93B7D90D}.Debug|Any CPU.ActiveCfg = Debug|Any CPU
		{2BB72AF6-6BB0-46A7-89BF-DCCB93B7D90D}.Debug|Any CPU.Build.0 = Debug|Any CPU
		{2BB72AF6-6BB0-46A7-89BF-DCCB93B7D90D}.Release|Any CPU.ActiveCfg = Release|Any CPU
		{2BB72AF6-6BB0-46A7-89BF-DCCB93B7D90D}.Release|Any CPU.Build.0 = Release|Any CPU
		{7C62B655-6350-4DD7-930A-A23B4069D088}.Debug|Any CPU.ActiveCfg = Debug|Any CPU
		{7C62B655-6350-4DD7-930A-A23B4069D088}.Debug|Any CPU.Build.0 = Debug|Any CPU
		{7C62B655-6350-4DD7-930A-A23B4069D088}.Release|Any CPU.ActiveCfg = Release|Any CPU
		{7C62B655-6350-4DD7-930A-A23B4069D088}.Release|Any CPU.Build.0 = Release|Any CPU
	EndGlobalSection
	GlobalSection(SolutionProperties) = preSolution
		HideSolutionNode = FALSE
	EndGlobalSection
	GlobalSection(ExtensibilityGlobals) = postSolution
		SolutionGuid = {5E95B771-D6FB-49A7-9C7F-10129452D1D0}
	EndGlobalSection
EndGlobal
